
Microsoft Visual Studio Solution File, Format Version 12.00
# Visual Studio 15
VisualStudioVersion = 15.0.27428.2015
MinimumVisualStudioVersion = 10.0.40219.1
Project("{FAE04EC0-301F-11D3-BF4B-00C04F79EFBC}") = "Boomear.Android", "Boomear\Boomear.Android\Boomear.Android.csproj", "{15B70E39-11B0-49EF-96A7-95B0AC83934D}"
EndProject
Project("{FAE04EC0-301F-11D3-BF4B-00C04F79EFBC}") = "Boomear.iOS", "Boomear\Boomear.iOS\Boomear.iOS.csproj", "{0947F46E-8FE5-4814-9074-E5FA7BDC56A9}"
EndProject
Project("{FAE04EC0-301F-11D3-BF4B-00C04F79EFBC}") = "Boomear.UWP", "Boomear\Boomear.UWP\Boomear.UWP.csproj", "{F3C47A1F-5F26-4551-8DB7-C360C3F587CE}"
EndProject
Project("{D954291E-2A0B-460D-934E-DC6B0785DB48}") = "Boomear", "Boomear\Boomear\Boomear.shproj", "{2EDAF5F9-C4B2-4683-8BE0-0C2DD4B5AA43}"
EndProject
Global
	GlobalSection(SharedMSBuildProjectFiles) = preSolution
		Boomear\Boomear\Boomear.projitems*{0947f46e-8fe5-4814-9074-e5fa7bdc56a9}*SharedItemsImports = 4
		Boomear\Boomear\Boomear.projitems*{15b70e39-11b0-49ef-96a7-95b0ac83934d}*SharedItemsImports = 4
		Boomear\Boomear\Boomear.projitems*{2edaf5f9-c4b2-4683-8be0-0c2dd4b5aa43}*SharedItemsImports = 13
		Boomear\Boomear\Boomear.projitems*{f3c47a1f-5f26-4551-8db7-c360c3f587ce}*SharedItemsImports = 4
	EndGlobalSection
	GlobalSection(SolutionConfigurationPlatforms) = preSolution
		Ad-Hoc|Any CPU = Ad-Hoc|Any CPU
		Ad-Hoc|ARM = Ad-Hoc|ARM
		Ad-Hoc|iPhone = Ad-Hoc|iPhone
		Ad-Hoc|iPhoneSimulator = Ad-Hoc|iPhoneSimulator
		Ad-Hoc|x64 = Ad-Hoc|x64
		Ad-Hoc|x86 = Ad-Hoc|x86
		AppStore|Any CPU = AppStore|Any CPU
		AppStore|ARM = AppStore|ARM
		AppStore|iPhone = AppStore|iPhone
		AppStore|iPhoneSimulator = AppStore|iPhoneSimulator
		AppStore|x64 = AppStore|x64
		AppStore|x86 = AppStore|x86
		Debug|Any CPU = Debug|Any CPU
		Debug|ARM = Debug|ARM
		Debug|iPhone = Debug|iPhone
		Debug|iPhoneSimulator = Debug|iPhoneSimulator
		Debug|x64 = Debug|x64
		Debug|x86 = Debug|x86
		Release|Any CPU = Release|Any CPU
		Release|ARM = Release|ARM
		Release|iPhone = Release|iPhone
		Release|iPhoneSimulator = Release|iPhoneSimulator
		Release|x64 = Release|x64
		Release|x86 = Release|x86
	EndGlobalSection
	GlobalSection(ProjectConfigurationPlatforms) = postSolution
		{15B70E39-11B0-49EF-96A7-95B0AC83934D}.Ad-Hoc|Any CPU.ActiveCfg = Release|Any CPU
		{15B70E39-11B0-49EF-96A7-95B0AC83934D}.Ad-Hoc|Any CPU.Build.0 = Release|Any CPU
		{15B70E39-11B0-49EF-96A7-95B0AC83934D}.Ad-Hoc|Any CPU.Deploy.0 = Release|Any CPU
		{15B70E39-11B0-49EF-96A7-95B0AC83934D}.Ad-Hoc|ARM.ActiveCfg = Release|Any CPU
		{15B70E39-11B0-49EF-96A7-95B0AC83934D}.Ad-Hoc|ARM.Build.0 = Release|Any CPU
		{15B70E39-11B0-49EF-96A7-95B0AC83934D}.Ad-Hoc|ARM.Deploy.0 = Release|Any CPU
		{15B70E39-11B0-49EF-96A7-95B0AC83934D}.Ad-Hoc|iPhone.ActiveCfg = Release|Any CPU
		{15B70E39-11B0-49EF-96A7-95B0AC83934D}.Ad-Hoc|iPhone.Build.0 = Release|Any CPU
		{15B70E39-11B0-49EF-96A7-95B0AC83934D}.Ad-Hoc|iPhone.Deploy.0 = Release|Any CPU
		{15B70E39-11B0-49EF-96A7-95B0AC83934D}.Ad-Hoc|iPhoneSimulator.ActiveCfg = Release|Any CPU
		{15B70E39-11B0-49EF-96A7-95B0AC83934D}.Ad-Hoc|iPhoneSimulator.Build.0 = Release|Any CPU
		{15B70E39-11B0-49EF-96A7-95B0AC83934D}.Ad-Hoc|iPhoneSimulator.Deploy.0 = Release|Any CPU
		{15B70E39-11B0-49EF-96A7-95B0AC83934D}.Ad-Hoc|x64.ActiveCfg = Release|Any CPU
		{15B70E39-11B0-49EF-96A7-95B0AC83934D}.Ad-Hoc|x64.Build.0 = Release|Any CPU
		{15B70E39-11B0-49EF-96A7-95B0AC83934D}.Ad-Hoc|x64.Deploy.0 = Release|Any CPU
		{15B70E39-11B0-49EF-96A7-95B0AC83934D}.Ad-Hoc|x86.ActiveCfg = Release|Any CPU
		{15B70E39-11B0-49EF-96A7-95B0AC83934D}.Ad-Hoc|x86.Build.0 = Release|Any CPU
		{15B70E39-11B0-49EF-96A7-95B0AC83934D}.Ad-Hoc|x86.Deploy.0 = Release|Any CPU
		{15B70E39-11B0-49EF-96A7-95B0AC83934D}.AppStore|Any CPU.ActiveCfg = Release|Any CPU
		{15B70E39-11B0-49EF-96A7-95B0AC83934D}.AppStore|Any CPU.Build.0 = Release|Any CPU
		{15B70E39-11B0-49EF-96A7-95B0AC83934D}.AppStore|Any CPU.Deploy.0 = Release|Any CPU
		{15B70E39-11B0-49EF-96A7-95B0AC83934D}.AppStore|ARM.ActiveCfg = Release|Any CPU
		{15B70E39-11B0-49EF-96A7-95B0AC83934D}.AppStore|ARM.Build.0 = Release|Any CPU
		{15B70E39-11B0-49EF-96A7-95B0AC83934D}.AppStore|ARM.Deploy.0 = Release|Any CPU
		{15B70E39-11B0-49EF-96A7-95B0AC83934D}.AppStore|iPhone.ActiveCfg = Release|Any CPU
		{15B70E39-11B0-49EF-96A7-95B0AC83934D}.AppStore|iPhone.Build.0 = Release|Any CPU
		{15B70E39-11B0-49EF-96A7-95B0AC83934D}.AppStore|iPhone.Deploy.0 = Release|Any CPU
		{15B70E39-11B0-49EF-96A7-95B0AC83934D}.AppStore|iPhoneSimulator.ActiveCfg = Release|Any CPU
		{15B70E39-11B0-49EF-96A7-95B0AC83934D}.AppStore|iPhoneSimulator.Build.0 = Release|Any CPU
		{15B70E39-11B0-49EF-96A7-95B0AC83934D}.AppStore|iPhoneSimulator.Deploy.0 = Release|Any CPU
		{15B70E39-11B0-49EF-96A7-95B0AC83934D}.AppStore|x64.ActiveCfg = Release|Any CPU
		{15B70E39-11B0-49EF-96A7-95B0AC83934D}.AppStore|x64.Build.0 = Release|Any CPU
		{15B70E39-11B0-49EF-96A7-95B0AC83934D}.AppStore|x64.Deploy.0 = Release|Any CPU
		{15B70E39-11B0-49EF-96A7-95B0AC83934D}.AppStore|x86.ActiveCfg = Release|Any CPU
		{15B70E39-11B0-49EF-96A7-95B0AC83934D}.AppStore|x86.Build.0 = Release|Any CPU
		{15B70E39-11B0-49EF-96A7-95B0AC83934D}.AppStore|x86.Deploy.0 = Release|Any CPU
		{15B70E39-11B0-49EF-96A7-95B0AC83934D}.Debug|Any CPU.ActiveCfg = Debug|Any CPU
		{15B70E39-11B0-49EF-96A7-95B0AC83934D}.Debug|Any CPU.Build.0 = Debug|Any CPU
		{15B70E39-11B0-49EF-96A7-95B0AC83934D}.Debug|Any CPU.Deploy.0 = Debug|Any CPU
		{15B70E39-11B0-49EF-96A7-95B0AC83934D}.Debug|ARM.ActiveCfg = Debug|Any CPU
		{15B70E39-11B0-49EF-96A7-95B0AC83934D}.Debug|ARM.Build.0 = Debug|Any CPU
		{15B70E39-11B0-49EF-96A7-95B0AC83934D}.Debug|ARM.Deploy.0 = Debug|Any CPU
		{15B70E39-11B0-49EF-96A7-95B0AC83934D}.Debug|iPhone.ActiveCfg = Debug|Any CPU
		{15B70E39-11B0-49EF-96A7-95B0AC83934D}.Debug|iPhone.Build.0 = Debug|Any CPU
		{15B70E39-11B0-49EF-96A7-95B0AC83934D}.Debug|iPhone.Deploy.0 = Debug|Any CPU
		{15B70E39-11B0-49EF-96A7-95B0AC83934D}.Debug|iPhoneSimulator.ActiveCfg = Debug|Any CPU
		{15B70E39-11B0-49EF-96A7-95B0AC83934D}.Debug|iPhoneSimulator.Build.0 = Debug|Any CPU
		{15B70E39-11B0-49EF-96A7-95B0AC83934D}.Debug|iPhoneSimulator.Deploy.0 = Debug|Any CPU
		{15B70E39-11B0-49EF-96A7-95B0AC83934D}.Debug|x64.ActiveCfg = Debug|Any CPU
		{15B70E39-11B0-49EF-96A7-95B0AC83934D}.Debug|x64.Build.0 = Debug|Any CPU
		{15B70E39-11B0-49EF-96A7-95B0AC83934D}.Debug|x64.Deploy.0 = Debug|Any CPU
		{15B70E39-11B0-49EF-96A7-95B0AC83934D}.Debug|x86.ActiveCfg = Debug|Any CPU
		{15B70E39-11B0-49EF-96A7-95B0AC83934D}.Debug|x86.Build.0 = Debug|Any CPU
		{15B70E39-11B0-49EF-96A7-95B0AC83934D}.Debug|x86.Deploy.0 = Debug|Any CPU
		{15B70E39-11B0-49EF-96A7-95B0AC83934D}.Release|Any CPU.ActiveCfg = Release|Any CPU
		{15B70E39-11B0-49EF-96A7-95B0AC83934D}.Release|Any CPU.Build.0 = Release|Any CPU
		{15B70E39-11B0-49EF-96A7-95B0AC83934D}.Release|Any CPU.Deploy.0 = Release|Any CPU
		{15B70E39-11B0-49EF-96A7-95B0AC83934D}.Release|ARM.ActiveCfg = Release|Any CPU
		{15B70E39-11B0-49EF-96A7-95B0AC83934D}.Release|ARM.Build.0 = Release|Any CPU
		{15B70E39-11B0-49EF-96A7-95B0AC83934D}.Release|ARM.Deploy.0 = Release|Any CPU
		{15B70E39-11B0-49EF-96A7-95B0AC83934D}.Release|iPhone.ActiveCfg = Release|Any CPU
		{15B70E39-11B0-49EF-96A7-95B0AC83934D}.Release|iPhone.Build.0 = Release|Any CPU
		{15B70E39-11B0-49EF-96A7-95B0AC83934D}.Release|iPhone.Deploy.0 = Release|Any CPU
		{15B70E39-11B0-49EF-96A7-95B0AC83934D}.Release|iPhoneSimulator.ActiveCfg = Release|Any CPU
		{15B70E39-11B0-49EF-96A7-95B0AC83934D}.Release|iPhoneSimulator.Build.0 = Release|Any CPU
		{15B70E39-11B0-49EF-96A7-95B0AC83934D}.Release|iPhoneSimulator.Deploy.0 = Release|Any CPU
		{15B70E39-11B0-49EF-96A7-95B0AC83934D}.Release|x64.ActiveCfg = Release|Any CPU
		{15B70E39-11B0-49EF-96A7-95B0AC83934D}.Release|x64.Build.0 = Release|Any CPU
		{15B70E39-11B0-49EF-96A7-95B0AC83934D}.Release|x64.Deploy.0 = Release|Any CPU
		{15B70E39-11B0-49EF-96A7-95B0AC83934D}.Release|x86.ActiveCfg = Release|Any CPU
		{15B70E39-11B0-49EF-96A7-95B0AC83934D}.Release|x86.Build.0 = Release|Any CPU
		{15B70E39-11B0-49EF-96A7-95B0AC83934D}.Release|x86.Deploy.0 = Release|Any CPU
		{0947F46E-8FE5-4814-9074-E5FA7BDC56A9}.Ad-Hoc|Any CPU.ActiveCfg = Ad-Hoc|iPhone
		{0947F46E-8FE5-4814-9074-E5FA7BDC56A9}.Ad-Hoc|ARM.ActiveCfg = Ad-Hoc|iPhone
		{0947F46E-8FE5-4814-9074-E5FA7BDC56A9}.Ad-Hoc|iPhone.ActiveCfg = Ad-Hoc|iPhone
		{0947F46E-8FE5-4814-9074-E5FA7BDC56A9}.Ad-Hoc|iPhone.Build.0 = Ad-Hoc|iPhone
		{0947F46E-8FE5-4814-9074-E5FA7BDC56A9}.Ad-Hoc|iPhoneSimulator.ActiveCfg = Ad-Hoc|iPhoneSimulator
		{0947F46E-8FE5-4814-9074-E5FA7BDC56A9}.Ad-Hoc|iPhoneSimulator.Build.0 = Ad-Hoc|iPhoneSimulator
		{0947F46E-8FE5-4814-9074-E5FA7BDC56A9}.Ad-Hoc|x64.ActiveCfg = Ad-Hoc|iPhone
		{0947F46E-8FE5-4814-9074-E5FA7BDC56A9}.Ad-Hoc|x86.ActiveCfg = Ad-Hoc|iPhone
		{0947F46E-8FE5-4814-9074-E5FA7BDC56A9}.AppStore|Any CPU.ActiveCfg = AppStore|iPhone
		{0947F46E-8FE5-4814-9074-E5FA7BDC56A9}.AppStore|ARM.ActiveCfg = AppStore|iPhone
		{0947F46E-8FE5-4814-9074-E5FA7BDC56A9}.AppStore|iPhone.ActiveCfg = AppStore|iPhone
		{0947F46E-8FE5-4814-9074-E5FA7BDC56A9}.AppStore|iPhone.Build.0 = AppStore|iPhone
		{0947F46E-8FE5-4814-9074-E5FA7BDC56A9}.AppStore|iPhoneSimulator.ActiveCfg = AppStore|iPhoneSimulator
		{0947F46E-8FE5-4814-9074-E5FA7BDC56A9}.AppStore|iPhoneSimulator.Build.0 = AppStore|iPhoneSimulator
		{0947F46E-8FE5-4814-9074-E5FA7BDC56A9}.AppStore|x64.ActiveCfg = AppStore|iPhone
		{0947F46E-8FE5-4814-9074-E5FA7BDC56A9}.AppStore|x86.ActiveCfg = AppStore|iPhone
		{0947F46E-8FE5-4814-9074-E5FA7BDC56A9}.Debug|Any CPU.ActiveCfg = Debug|iPhone
		{0947F46E-8FE5-4814-9074-E5FA7BDC56A9}.Debug|ARM.ActiveCfg = Debug|iPhone
		{0947F46E-8FE5-4814-9074-E5FA7BDC56A9}.Debug|iPhone.ActiveCfg = Debug|iPhone
		{0947F46E-8FE5-4814-9074-E5FA7BDC56A9}.Debug|iPhone.Build.0 = Debug|iPhone
		{0947F46E-8FE5-4814-9074-E5FA7BDC56A9}.Debug|iPhoneSimulator.ActiveCfg = Debug|iPhoneSimulator
		{0947F46E-8FE5-4814-9074-E5FA7BDC56A9}.Debug|iPhoneSimulator.Build.0 = Debug|iPhoneSimulator
		{0947F46E-8FE5-4814-9074-E5FA7BDC56A9}.Debug|x64.ActiveCfg = Debug|iPhone
		{0947F46E-8FE5-4814-9074-E5FA7BDC56A9}.Debug|x86.ActiveCfg = Debug|iPhone
		{0947F46E-8FE5-4814-9074-E5FA7BDC56A9}.Release|Any CPU.ActiveCfg = Release|iPhone
		{0947F46E-8FE5-4814-9074-E5FA7BDC56A9}.Release|ARM.ActiveCfg = Release|iPhone
		{0947F46E-8FE5-4814-9074-E5FA7BDC56A9}.Release|iPhone.ActiveCfg = Release|iPhone
		{0947F46E-8FE5-4814-9074-E5FA7BDC56A9}.Release|iPhone.Build.0 = Release|iPhone
		{0947F46E-8FE5-4814-9074-E5FA7BDC56A9}.Release|iPhoneSimulator.ActiveCfg = Release|iPhoneSimulator
		{0947F46E-8FE5-4814-9074-E5FA7BDC56A9}.Release|iPhoneSimulator.Build.0 = Release|iPhoneSimulator
		{0947F46E-8FE5-4814-9074-E5FA7BDC56A9}.Release|x64.ActiveCfg = Release|iPhone
		{0947F46E-8FE5-4814-9074-E5FA7BDC56A9}.Release|x86.ActiveCfg = Release|iPhone
		{F3C47A1F-5F26-4551-8DB7-C360C3F587CE}.Ad-Hoc|Any CPU.ActiveCfg = Release|x86
		{F3C47A1F-5F26-4551-8DB7-C360C3F587CE}.Ad-Hoc|Any CPU.Build.0 = Release|x86
		{F3C47A1F-5F26-4551-8DB7-C360C3F587CE}.Ad-Hoc|Any CPU.Deploy.0 = Release|x86
		{F3C47A1F-5F26-4551-8DB7-C360C3F587CE}.Ad-Hoc|ARM.ActiveCfg = Release|ARM
		{F3C47A1F-5F26-4551-8DB7-C360C3F587CE}.Ad-Hoc|ARM.Build.0 = Release|ARM
		{F3C47A1F-5F26-4551-8DB7-C360C3F587CE}.Ad-Hoc|ARM.Deploy.0 = Release|ARM
		{F3C47A1F-5F26-4551-8DB7-C360C3F587CE}.Ad-Hoc|iPhone.ActiveCfg = Release|x86
		{F3C47A1F-5F26-4551-8DB7-C360C3F587CE}.Ad-Hoc|iPhone.Build.0 = Release|x86
		{F3C47A1F-5F26-4551-8DB7-C360C3F587CE}.Ad-Hoc|iPhone.Deploy.0 = Release|x86
		{F3C47A1F-5F26-4551-8DB7-C360C3F587CE}.Ad-Hoc|iPhoneSimulator.ActiveCfg = Release|x86
		{F3C47A1F-5F26-4551-8DB7-C360C3F587CE}.Ad-Hoc|iPhoneSimulator.Build.0 = Release|x86
		{F3C47A1F-5F26-4551-8DB7-C360C3F587CE}.Ad-Hoc|iPhoneSimulator.Deploy.0 = Release|x86
		{F3C47A1F-5F26-4551-8DB7-C360C3F587CE}.Ad-Hoc|x64.ActiveCfg = Release|x64
		{F3C47A1F-5F26-4551-8DB7-C360C3F587CE}.Ad-Hoc|x64.Build.0 = Release|x64
		{F3C47A1F-5F26-4551-8DB7-C360C3F587CE}.Ad-Hoc|x64.Deploy.0 = Release|x64
		{F3C47A1F-5F26-4551-8DB7-C360C3F587CE}.Ad-Hoc|x86.ActiveCfg = Release|x86
		{F3C47A1F-5F26-4551-8DB7-C360C3F587CE}.Ad-Hoc|x86.Build.0 = Release|x86
		{F3C47A1F-5F26-4551-8DB7-C360C3F587CE}.Ad-Hoc|x86.Deploy.0 = Release|x86
		{F3C47A1F-5F26-4551-8DB7-C360C3F587CE}.AppStore|Any CPU.ActiveCfg = Release|x86
		{F3C47A1F-5F26-4551-8DB7-C360C3F587CE}.AppStore|Any CPU.Build.0 = Release|x86
		{F3C47A1F-5F26-4551-8DB7-C360C3F587CE}.AppStore|Any CPU.Deploy.0 = Release|x86
		{F3C47A1F-5F26-4551-8DB7-C360C3F587CE}.AppStore|ARM.ActiveCfg = Release|ARM
		{F3C47A1F-5F26-4551-8DB7-C360C3F587CE}.AppStore|ARM.Build.0 = Release|ARM
		{F3C47A1F-5F26-4551-8DB7-C360C3F587CE}.AppStore|ARM.Deploy.0 = Release|ARM
		{F3C47A1F-5F26-4551-8DB7-C360C3F587CE}.AppStore|iPhone.ActiveCfg = Release|x86
		{F3C47A1F-5F26-4551-8DB7-C360C3F587CE}.AppStore|iPhone.Build.0 = Release|x86
		{F3C47A1F-5F26-4551-8DB7-C360C3F587CE}.AppStore|iPhone.Deploy.0 = Release|x86
		{F3C47A1F-5F26-4551-8DB7-C360C3F587CE}.AppStore|iPhoneSimulator.ActiveCfg = Release|x86
		{F3C47A1F-5F26-4551-8DB7-C360C3F587CE}.AppStore|iPhoneSimulator.Build.0 = Release|x86
		{F3C47A1F-5F26-4551-8DB7-C360C3F587CE}.AppStore|iPhoneSimulator.Deploy.0 = Release|x86
		{F3C47A1F-5F26-4551-8DB7-C360C3F587CE}.AppStore|x64.ActiveCfg = Release|x64
		{F3C47A1F-5F26-4551-8DB7-C360C3F587CE}.AppStore|x64.Build.0 = Release|x64
		{F3C47A1F-5F26-4551-8DB7-C360C3F587CE}.AppStore|x64.Deploy.0 = Release|x64
		{F3C47A1F-5F26-4551-8DB7-C360C3F587CE}.AppStore|x86.ActiveCfg = Release|x86
		{F3C47A1F-5F26-4551-8DB7-C360C3F587CE}.AppStore|x86.Build.0 = Release|x86
		{F3C47A1F-5F26-4551-8DB7-C360C3F587CE}.AppStore|x86.Deploy.0 = Release|x86
		{F3C47A1F-5F26-4551-8DB7-C360C3F587CE}.Debug|Any CPU.ActiveCfg = Debug|x86
		{F3C47A1F-5F26-4551-8DB7-C360C3F587CE}.Debug|ARM.ActiveCfg = Debug|ARM
		{F3C47A1F-5F26-4551-8DB7-C360C3F587CE}.Debug|ARM.Build.0 = Debug|ARM
		{F3C47A1F-5F26-4551-8DB7-C360C3F587CE}.Debug|ARM.Deploy.0 = Debug|ARM
		{F3C47A1F-5F26-4551-8DB7-C360C3F587CE}.Debug|iPhone.ActiveCfg = Debug|x86
		{F3C47A1F-5F26-4551-8DB7-C360C3F587CE}.Debug|iPhoneSimulator.ActiveCfg = Debug|x86
		{F3C47A1F-5F26-4551-8DB7-C360C3F587CE}.Debug|x64.ActiveCfg = Debug|x64
		{F3C47A1F-5F26-4551-8DB7-C360C3F587CE}.Debug|x64.Build.0 = Debug|x64
		{F3C47A1F-5F26-4551-8DB7-C360C3F587CE}.Debug|x64.Deploy.0 = Debug|x64
		{F3C47A1F-5F26-4551-8DB7-C360C3F587CE}.Debug|x86.ActiveCfg = Debug|x86
		{F3C47A1F-5F26-4551-8DB7-C360C3F587CE}.Debug|x86.Build.0 = Debug|x86
		{F3C47A1F-5F26-4551-8DB7-C360C3F587CE}.Debug|x86.Deploy.0 = Debug|x86
		{F3C47A1F-5F26-4551-8DB7-C360C3F587CE}.Release|Any CPU.ActiveCfg = Release|x86
		{F3C47A1F-5F26-4551-8DB7-C360C3F587CE}.Release|ARM.ActiveCfg = Release|ARM
		{F3C47A1F-5F26-4551-8DB7-C360C3F587CE}.Release|ARM.Build.0 = Release|ARM
		{F3C47A1F-5F26-4551-8DB7-C360C3F587CE}.Release|ARM.Deploy.0 = Release|ARM
		{F3C47A1F-5F26-4551-8DB7-C360C3F587CE}.Release|iPhone.ActiveCfg = Release|x86
		{F3C47A1F-5F26-4551-8DB7-C360C3F587CE}.Release|iPhoneSimulator.ActiveCfg = Release|x86
		{F3C47A1F-5F26-4551-8DB7-C360C3F587CE}.Release|x64.ActiveCfg = Release|x64
		{F3C47A1F-5F26-4551-8DB7-C360C3F587CE}.Release|x64.Build.0 = Release|x64
		{F3C47A1F-5F26-4551-8DB7-C360C3F587CE}.Release|x64.Deploy.0 = Release|x64
		{F3C47A1F-5F26-4551-8DB7-C360C3F587CE}.Release|x86.ActiveCfg = Release|x86
		{F3C47A1F-5F26-4551-8DB7-C360C3F587CE}.Release|x86.Build.0 = Release|x86
		{F3C47A1F-5F26-4551-8DB7-C360C3F587CE}.Release|x86.Deploy.0 = Release|x86
	EndGlobalSection
	GlobalSection(SolutionProperties) = preSolution
		HideSolutionNode = FALSE
	EndGlobalSection
	GlobalSection(ExtensibilityGlobals) = postSolution
		SolutionGuid = {7B378FA8-19AE-4A37-A3B9-D0CA1E0DE34A}
	EndGlobalSection
EndGlobal
